// !$*UTF8*$!
{
	archiveVersion = 1;
	classes = {
	};
	objectVersion = 50;
	objects = {

/* Begin PBXBuildFile section */
		BF0716B5256C298D00A2472F /* AppDelegate.swift in Sources */ = {isa = PBXBuildFile; fileRef = BF0716B4256C298D00A2472F /* AppDelegate.swift */; };
		BF0716B7256C298D00A2472F /* SceneDelegate.swift in Sources */ = {isa = PBXBuildFile; fileRef = BF0716B6256C298D00A2472F /* SceneDelegate.swift */; };
		BF0716BE256C298E00A2472F /* Assets.xcassets in Resources */ = {isa = PBXBuildFile; fileRef = BF0716BD256C298E00A2472F /* Assets.xcassets */; };
		BF0716C1256C298E00A2472F /* LaunchScreen.storyboard in Resources */ = {isa = PBXBuildFile; fileRef = BF0716BF256C298E00A2472F /* LaunchScreen.storyboard */; };
		BF0716CC256C298E00A2472F /* TheOfficeAppTests.swift in Sources */ = {isa = PBXBuildFile; fileRef = BF0716CB256C298E00A2472F /* TheOfficeAppTests.swift */; };
		BF0716D7256C298E00A2472F /* TheOfficeAppUITests.swift in Sources */ = {isa = PBXBuildFile; fileRef = BF0716D6256C298E00A2472F /* TheOfficeAppUITests.swift */; };
		BF0716F3256C34C200A2472F /* WebService.swift in Sources */ = {isa = PBXBuildFile; fileRef = BF0716F2256C34C200A2472F /* WebService.swift */; };
		BF0716F9256C37F700A2472F /* Episode.swift in Sources */ = {isa = PBXBuildFile; fileRef = BF0716F8256C37F700A2472F /* Episode.swift */; };
		BF071709256C3B1D00A2472F /* Endpoints.swift in Sources */ = {isa = PBXBuildFile; fileRef = BF071708256C3B1D00A2472F /* Endpoints.swift */; };
		BF071722256C800800A2472F /* EpisodeListViewModel.swift in Sources */ = {isa = PBXBuildFile; fileRef = BF071721256C800800A2472F /* EpisodeListViewModel.swift */; };
		BF071730256C934C00A2472F /* EpisodeViewModel.swift in Sources */ = {isa = PBXBuildFile; fileRef = BF07172F256C934C00A2472F /* EpisodeViewModel.swift */; };
		BF07173B256D7EEE00A2472F /* CrewMember.swift in Sources */ = {isa = PBXBuildFile; fileRef = BF07173A256D7EEE00A2472F /* CrewMember.swift */; };
		BF071741256DEE6100A2472F /* DateFormatterHelper.swift in Sources */ = {isa = PBXBuildFile; fileRef = BF071740256DEE6100A2472F /* DateFormatterHelper.swift */; };
		BF071749256DF82200A2472F /* EpisodeListViewModelTests.swift in Sources */ = {isa = PBXBuildFile; fileRef = BF071748256DF82200A2472F /* EpisodeListViewModelTests.swift */; };
		BF071751256E028B00A2472F /* EpisodeViewModelTests.swift in Sources */ = {isa = PBXBuildFile; fileRef = BF071750256E028B00A2472F /* EpisodeViewModelTests.swift */; };
		BF1F2E4C259164420045C006 /* CrewMemberInfoViewController.swift in Sources */ = {isa = PBXBuildFile; fileRef = BF1F2E4A259164420045C006 /* CrewMemberInfoViewController.swift */; };
		BF1F2E4D259164420045C006 /* CrewMemberInfoViewController.xib in Resources */ = {isa = PBXBuildFile; fileRef = BF1F2E4B259164420045C006 /* CrewMemberInfoViewController.xib */; };
		BF1F2E52259166090045C006 /* CrewMemberInfoCoordinator.swift in Sources */ = {isa = PBXBuildFile; fileRef = BF1F2E51259166090045C006 /* CrewMemberInfoCoordinator.swift */; };
		BF1F2E572591862E0045C006 /* CrewMemberInfoViewModel.swift in Sources */ = {isa = PBXBuildFile; fileRef = BF1F2E562591862E0045C006 /* CrewMemberInfoViewModel.swift */; };
		BF1F2E6125929D640045C006 /* RandomQuoteViewController.swift in Sources */ = {isa = PBXBuildFile; fileRef = BF1F2E5F25929D640045C006 /* RandomQuoteViewController.swift */; };
		BF1F2E6225929D640045C006 /* RandomQuoteViewController.xib in Resources */ = {isa = PBXBuildFile; fileRef = BF1F2E6025929D640045C006 /* RandomQuoteViewController.xib */; };
		BF1F2E6725929E480045C006 /* RandomQuoteCoordinator.swift in Sources */ = {isa = PBXBuildFile; fileRef = BF1F2E6625929E470045C006 /* RandomQuoteCoordinator.swift */; };
		BF1F2E6C2592BAC00045C006 /* RandomQuoteViewModel.swift in Sources */ = {isa = PBXBuildFile; fileRef = BF1F2E6B2592BAC00045C006 /* RandomQuoteViewModel.swift */; };
		BF1F2E712592BB4F0045C006 /* Quote.swift in Sources */ = {isa = PBXBuildFile; fileRef = BF1F2E702592BB4F0045C006 /* Quote.swift */; };
		BF1F2E762592BC120045C006 /* Character.swift in Sources */ = {isa = PBXBuildFile; fileRef = BF1F2E752592BC120045C006 /* Character.swift */; };
		BF26A593257FC06400F23B02 /* Showable.swift in Sources */ = {isa = PBXBuildFile; fileRef = BF26A591257FC06400F23B02 /* Showable.swift */; };
		BF26A594257FC06400F23B02 /* Router.swift in Sources */ = {isa = PBXBuildFile; fileRef = BF26A592257FC06400F23B02 /* Router.swift */; };
		BF26A59D257FC08800F23B02 /* Coordinator.swift in Sources */ = {isa = PBXBuildFile; fileRef = BF26A59C257FC08800F23B02 /* Coordinator.swift */; };
		BF26A5A4257FC45D00F23B02 /* EpisodeDetailViewController.swift in Sources */ = {isa = PBXBuildFile; fileRef = BF26A5A2257FC45D00F23B02 /* EpisodeDetailViewController.swift */; };
		BF26A5A5257FC45D00F23B02 /* EpisodeDetailViewController.xib in Resources */ = {isa = PBXBuildFile; fileRef = BF26A5A3257FC45D00F23B02 /* EpisodeDetailViewController.xib */; };
		BF26A5AD257FC50C00F23B02 /* OfficeRouter.swift in Sources */ = {isa = PBXBuildFile; fileRef = BF26A5AC257FC50C00F23B02 /* OfficeRouter.swift */; };
		BF26A5BC257FC86B00F23B02 /* EpisodeListCoordinator.swift in Sources */ = {isa = PBXBuildFile; fileRef = BF26A5BB257FC86B00F23B02 /* EpisodeListCoordinator.swift */; };
		BF26A5D7257FDC4800F23B02 /* EpisodeTableViewCell.swift in Sources */ = {isa = PBXBuildFile; fileRef = BF26A5D5257FDC4800F23B02 /* EpisodeTableViewCell.swift */; };
		BF26A5D8257FDC4800F23B02 /* EpisodeTableViewCell.xib in Resources */ = {isa = PBXBuildFile; fileRef = BF26A5D6257FDC4800F23B02 /* EpisodeTableViewCell.xib */; };
		BF41237B2675627800AB6AEF /* LoadingView.swift in Sources */ = {isa = PBXBuildFile; fileRef = BF41237A2675627800AB6AEF /* LoadingView.swift */; };
		BF4123822675AB2300AB6AEF /* CrewMemberInfoViewModelTests.swift in Sources */ = {isa = PBXBuildFile; fileRef = BF4123812675AB2300AB6AEF /* CrewMemberInfoViewModelTests.swift */; };
		BF41239A2675AF3000AB6AEF /* RandomQuoteViewModelTests.swift in Sources */ = {isa = PBXBuildFile; fileRef = BF4123992675AF3000AB6AEF /* RandomQuoteViewModelTests.swift */; };
		BF47F5B325704C87000FC71A /* DateFormatterHelperTests.swift in Sources */ = {isa = PBXBuildFile; fileRef = BF47F5B225704C87000FC71A /* DateFormatterHelperTests.swift */; };
		BF693C482724B25E00D033D0 /* MainCoordinator.swift in Sources */ = {isa = PBXBuildFile; fileRef = BF693C472724B25E00D033D0 /* MainCoordinator.swift */; };
		BF8C16FC266C5FA6008B3188 /* NSObjectHelper.swift in Sources */ = {isa = PBXBuildFile; fileRef = BF8C16FB266C5FA6008B3188 /* NSObjectHelper.swift */; };
		BF8C1701266C67BA008B3188 /* UIViewControllerHelper.swift in Sources */ = {isa = PBXBuildFile; fileRef = BF8C1700266C67BA008B3188 /* UIViewControllerHelper.swift */; };
		BFCF965525856CAD00116F77 /* ApplicationCoordinator.swift in Sources */ = {isa = PBXBuildFile; fileRef = BFCF965425856CAD00116F77 /* ApplicationCoordinator.swift */; };
		BFCF96842585882700116F77 /* EpisodeListViewController.swift in Sources */ = {isa = PBXBuildFile; fileRef = BFCF96822585882700116F77 /* EpisodeListViewController.swift */; };
		BFCF96852585882700116F77 /* EpisodeListViewController.xib in Resources */ = {isa = PBXBuildFile; fileRef = BFCF96832585882700116F77 /* EpisodeListViewController.xib */; };
		BFCF968A2586CCAF00116F77 /* EpisodeDetailCoordinator.swift in Sources */ = {isa = PBXBuildFile; fileRef = BFCF96892586CCAF00116F77 /* EpisodeDetailCoordinator.swift */; };
/* End PBXBuildFile section */

/* Begin PBXContainerItemProxy section */
		BF0716C8256C298E00A2472F /* PBXContainerItemProxy */ = {
			isa = PBXContainerItemProxy;
			containerPortal = BF0716A9256C298D00A2472F /* Project object */;
			proxyType = 1;
			remoteGlobalIDString = BF0716B0256C298D00A2472F;
			remoteInfo = TheOfficeApp;
		};
		BF0716D3256C298E00A2472F /* PBXContainerItemProxy */ = {
			isa = PBXContainerItemProxy;
			containerPortal = BF0716A9256C298D00A2472F /* Project object */;
			proxyType = 1;
			remoteGlobalIDString = BF0716B0256C298D00A2472F;
			remoteInfo = TheOfficeApp;
		};
/* End PBXContainerItemProxy section */

/* Begin PBXFileReference section */
		BF0716B1256C298D00A2472F /* TheOfficeApp.app */ = {isa = PBXFileReference; explicitFileType = wrapper.application; includeInIndex = 0; path = TheOfficeApp.app; sourceTree = BUILT_PRODUCTS_DIR; };
		BF0716B4256C298D00A2472F /* AppDelegate.swift */ = {isa = PBXFileReference; lastKnownFileType = sourcecode.swift; path = AppDelegate.swift; sourceTree = "<group>"; };
		BF0716B6256C298D00A2472F /* SceneDelegate.swift */ = {isa = PBXFileReference; lastKnownFileType = sourcecode.swift; path = SceneDelegate.swift; sourceTree = "<group>"; };
		BF0716BD256C298E00A2472F /* Assets.xcassets */ = {isa = PBXFileReference; lastKnownFileType = folder.assetcatalog; path = Assets.xcassets; sourceTree = "<group>"; };
		BF0716C0256C298E00A2472F /* Base */ = {isa = PBXFileReference; lastKnownFileType = file.storyboard; name = Base; path = Base.lproj/LaunchScreen.storyboard; sourceTree = "<group>"; };
		BF0716C2256C298E00A2472F /* Info.plist */ = {isa = PBXFileReference; lastKnownFileType = text.plist.xml; path = Info.plist; sourceTree = "<group>"; };
		BF0716C7256C298E00A2472F /* TheOfficeAppTests.xctest */ = {isa = PBXFileReference; explicitFileType = wrapper.cfbundle; includeInIndex = 0; path = TheOfficeAppTests.xctest; sourceTree = BUILT_PRODUCTS_DIR; };
		BF0716CB256C298E00A2472F /* TheOfficeAppTests.swift */ = {isa = PBXFileReference; lastKnownFileType = sourcecode.swift; path = TheOfficeAppTests.swift; sourceTree = "<group>"; };
		BF0716CD256C298E00A2472F /* Info.plist */ = {isa = PBXFileReference; lastKnownFileType = text.plist.xml; path = Info.plist; sourceTree = "<group>"; };
		BF0716D2256C298E00A2472F /* TheOfficeAppUITests.xctest */ = {isa = PBXFileReference; explicitFileType = wrapper.cfbundle; includeInIndex = 0; path = TheOfficeAppUITests.xctest; sourceTree = BUILT_PRODUCTS_DIR; };
		BF0716D6256C298E00A2472F /* TheOfficeAppUITests.swift */ = {isa = PBXFileReference; lastKnownFileType = sourcecode.swift; path = TheOfficeAppUITests.swift; sourceTree = "<group>"; };
		BF0716D8256C298E00A2472F /* Info.plist */ = {isa = PBXFileReference; lastKnownFileType = text.plist.xml; path = Info.plist; sourceTree = "<group>"; };
		BF0716F2256C34C200A2472F /* WebService.swift */ = {isa = PBXFileReference; lastKnownFileType = sourcecode.swift; path = WebService.swift; sourceTree = "<group>"; };
		BF0716F8256C37F700A2472F /* Episode.swift */ = {isa = PBXFileReference; lastKnownFileType = sourcecode.swift; path = Episode.swift; sourceTree = "<group>"; };
		BF071708256C3B1D00A2472F /* Endpoints.swift */ = {isa = PBXFileReference; lastKnownFileType = sourcecode.swift; path = Endpoints.swift; sourceTree = "<group>"; };
		BF071721256C800800A2472F /* EpisodeListViewModel.swift */ = {isa = PBXFileReference; lastKnownFileType = sourcecode.swift; path = EpisodeListViewModel.swift; sourceTree = "<group>"; };
		BF07172F256C934C00A2472F /* EpisodeViewModel.swift */ = {isa = PBXFileReference; lastKnownFileType = sourcecode.swift; path = EpisodeViewModel.swift; sourceTree = "<group>"; };
		BF07173A256D7EEE00A2472F /* CrewMember.swift */ = {isa = PBXFileReference; lastKnownFileType = sourcecode.swift; path = CrewMember.swift; sourceTree = "<group>"; };
		BF071740256DEE6100A2472F /* DateFormatterHelper.swift */ = {isa = PBXFileReference; lastKnownFileType = sourcecode.swift; path = DateFormatterHelper.swift; sourceTree = "<group>"; };
		BF071748256DF82200A2472F /* EpisodeListViewModelTests.swift */ = {isa = PBXFileReference; lastKnownFileType = sourcecode.swift; path = EpisodeListViewModelTests.swift; sourceTree = "<group>"; };
		BF071750256E028B00A2472F /* EpisodeViewModelTests.swift */ = {isa = PBXFileReference; lastKnownFileType = sourcecode.swift; path = EpisodeViewModelTests.swift; sourceTree = "<group>"; };
		BF1F2E4A259164420045C006 /* CrewMemberInfoViewController.swift */ = {isa = PBXFileReference; lastKnownFileType = sourcecode.swift; path = CrewMemberInfoViewController.swift; sourceTree = "<group>"; };
		BF1F2E4B259164420045C006 /* CrewMemberInfoViewController.xib */ = {isa = PBXFileReference; lastKnownFileType = file.xib; path = CrewMemberInfoViewController.xib; sourceTree = "<group>"; };
		BF1F2E51259166090045C006 /* CrewMemberInfoCoordinator.swift */ = {isa = PBXFileReference; lastKnownFileType = sourcecode.swift; path = CrewMemberInfoCoordinator.swift; sourceTree = "<group>"; };
		BF1F2E562591862E0045C006 /* CrewMemberInfoViewModel.swift */ = {isa = PBXFileReference; lastKnownFileType = sourcecode.swift; path = CrewMemberInfoViewModel.swift; sourceTree = "<group>"; };
		BF1F2E5F25929D640045C006 /* RandomQuoteViewController.swift */ = {isa = PBXFileReference; lastKnownFileType = sourcecode.swift; path = RandomQuoteViewController.swift; sourceTree = "<group>"; };
		BF1F2E6025929D640045C006 /* RandomQuoteViewController.xib */ = {isa = PBXFileReference; lastKnownFileType = file.xib; path = RandomQuoteViewController.xib; sourceTree = "<group>"; };
		BF1F2E6625929E470045C006 /* RandomQuoteCoordinator.swift */ = {isa = PBXFileReference; lastKnownFileType = sourcecode.swift; path = RandomQuoteCoordinator.swift; sourceTree = "<group>"; };
		BF1F2E6B2592BAC00045C006 /* RandomQuoteViewModel.swift */ = {isa = PBXFileReference; lastKnownFileType = sourcecode.swift; path = RandomQuoteViewModel.swift; sourceTree = "<group>"; };
		BF1F2E702592BB4F0045C006 /* Quote.swift */ = {isa = PBXFileReference; lastKnownFileType = sourcecode.swift; path = Quote.swift; sourceTree = "<group>"; };
		BF1F2E752592BC120045C006 /* Character.swift */ = {isa = PBXFileReference; lastKnownFileType = sourcecode.swift; path = Character.swift; sourceTree = "<group>"; };
		BF26A591257FC06400F23B02 /* Showable.swift */ = {isa = PBXFileReference; fileEncoding = 4; lastKnownFileType = sourcecode.swift; path = Showable.swift; sourceTree = "<group>"; };
		BF26A592257FC06400F23B02 /* Router.swift */ = {isa = PBXFileReference; fileEncoding = 4; lastKnownFileType = sourcecode.swift; path = Router.swift; sourceTree = "<group>"; };
		BF26A59C257FC08800F23B02 /* Coordinator.swift */ = {isa = PBXFileReference; fileEncoding = 4; lastKnownFileType = sourcecode.swift; path = Coordinator.swift; sourceTree = "<group>"; };
		BF26A5A2257FC45D00F23B02 /* EpisodeDetailViewController.swift */ = {isa = PBXFileReference; lastKnownFileType = sourcecode.swift; path = EpisodeDetailViewController.swift; sourceTree = "<group>"; };
		BF26A5A3257FC45D00F23B02 /* EpisodeDetailViewController.xib */ = {isa = PBXFileReference; lastKnownFileType = file.xib; path = EpisodeDetailViewController.xib; sourceTree = "<group>"; };
		BF26A5AC257FC50C00F23B02 /* OfficeRouter.swift */ = {isa = PBXFileReference; lastKnownFileType = sourcecode.swift; path = OfficeRouter.swift; sourceTree = "<group>"; };
		BF26A5BB257FC86B00F23B02 /* EpisodeListCoordinator.swift */ = {isa = PBXFileReference; lastKnownFileType = sourcecode.swift; path = EpisodeListCoordinator.swift; sourceTree = "<group>"; };
		BF26A5D5257FDC4800F23B02 /* EpisodeTableViewCell.swift */ = {isa = PBXFileReference; lastKnownFileType = sourcecode.swift; path = EpisodeTableViewCell.swift; sourceTree = "<group>"; };
		BF26A5D6257FDC4800F23B02 /* EpisodeTableViewCell.xib */ = {isa = PBXFileReference; lastKnownFileType = file.xib; path = EpisodeTableViewCell.xib; sourceTree = "<group>"; };
		BF41237A2675627800AB6AEF /* LoadingView.swift */ = {isa = PBXFileReference; lastKnownFileType = sourcecode.swift; path = LoadingView.swift; sourceTree = "<group>"; };
		BF4123812675AB2300AB6AEF /* CrewMemberInfoViewModelTests.swift */ = {isa = PBXFileReference; lastKnownFileType = sourcecode.swift; path = CrewMemberInfoViewModelTests.swift; sourceTree = "<group>"; };
		BF4123992675AF3000AB6AEF /* RandomQuoteViewModelTests.swift */ = {isa = PBXFileReference; lastKnownFileType = sourcecode.swift; path = RandomQuoteViewModelTests.swift; sourceTree = "<group>"; };
		BF47F5B225704C87000FC71A /* DateFormatterHelperTests.swift */ = {isa = PBXFileReference; lastKnownFileType = sourcecode.swift; path = DateFormatterHelperTests.swift; sourceTree = "<group>"; };
		BF693C472724B25E00D033D0 /* MainCoordinator.swift */ = {isa = PBXFileReference; lastKnownFileType = sourcecode.swift; path = MainCoordinator.swift; sourceTree = "<group>"; };
		BF8C16FB266C5FA6008B3188 /* NSObjectHelper.swift */ = {isa = PBXFileReference; lastKnownFileType = sourcecode.swift; path = NSObjectHelper.swift; sourceTree = "<group>"; };
		BF8C1700266C67BA008B3188 /* UIViewControllerHelper.swift */ = {isa = PBXFileReference; lastKnownFileType = sourcecode.swift; path = UIViewControllerHelper.swift; sourceTree = "<group>"; };
		BFCF965425856CAD00116F77 /* ApplicationCoordinator.swift */ = {isa = PBXFileReference; lastKnownFileType = sourcecode.swift; path = ApplicationCoordinator.swift; sourceTree = "<group>"; };
		BFCF96822585882700116F77 /* EpisodeListViewController.swift */ = {isa = PBXFileReference; lastKnownFileType = sourcecode.swift; path = EpisodeListViewController.swift; sourceTree = "<group>"; };
		BFCF96832585882700116F77 /* EpisodeListViewController.xib */ = {isa = PBXFileReference; lastKnownFileType = file.xib; path = EpisodeListViewController.xib; sourceTree = "<group>"; };
		BFCF96892586CCAF00116F77 /* EpisodeDetailCoordinator.swift */ = {isa = PBXFileReference; lastKnownFileType = sourcecode.swift; path = EpisodeDetailCoordinator.swift; sourceTree = "<group>"; };
/* End PBXFileReference section */

/* Begin PBXFrameworksBuildPhase section */
		BF0716AE256C298D00A2472F /* Frameworks */ = {
			isa = PBXFrameworksBuildPhase;
			buildActionMask = 2147483647;
			files = (
			);
			runOnlyForDeploymentPostprocessing = 0;
		};
		BF0716C4256C298E00A2472F /* Frameworks */ = {
			isa = PBXFrameworksBuildPhase;
			buildActionMask = 2147483647;
			files = (
			);
			runOnlyForDeploymentPostprocessing = 0;
		};
		BF0716CF256C298E00A2472F /* Frameworks */ = {
			isa = PBXFrameworksBuildPhase;
			buildActionMask = 2147483647;
			files = (
			);
			runOnlyForDeploymentPostprocessing = 0;
		};
/* End PBXFrameworksBuildPhase section */

/* Begin PBXGroup section */
		BF0716A8256C298D00A2472F = {
			isa = PBXGroup;
			children = (
				BF0716B3256C298D00A2472F /* TheOfficeApp */,
				BF0716CA256C298E00A2472F /* TheOfficeAppTests */,
				BF0716D5256C298E00A2472F /* TheOfficeAppUITests */,
				BF0716B2256C298D00A2472F /* Products */,
			);
			sourceTree = "<group>";
		};
		BF0716B2256C298D00A2472F /* Products */ = {
			isa = PBXGroup;
			children = (
				BF0716B1256C298D00A2472F /* TheOfficeApp.app */,
				BF0716C7256C298E00A2472F /* TheOfficeAppTests.xctest */,
				BF0716D2256C298E00A2472F /* TheOfficeAppUITests.xctest */,
			);
			name = Products;
			sourceTree = "<group>";
		};
		BF0716B3256C298D00A2472F /* TheOfficeApp */ = {
			isa = PBXGroup;
			children = (
				BF26A590257FC03A00F23B02 /* Router */,
				BF26A59B257FC07C00F23B02 /* Coordinators */,
				BF0716F1256C347800A2472F /* Networking */,
				BF0716F7256C371C00A2472F /* Models */,
				BF07170D256C7EA500A2472F /* Scenes */,
				BF07173F256DEE4400A2472F /* Helpers */,
				BF0716E7256C2D7F00A2472F /* Assets */,
				BF0716B4256C298D00A2472F /* AppDelegate.swift */,
				BF0716B6256C298D00A2472F /* SceneDelegate.swift */,
				BF0716C2256C298E00A2472F /* Info.plist */,
			);
			path = TheOfficeApp;
			sourceTree = "<group>";
		};
		BF0716CA256C298E00A2472F /* TheOfficeAppTests */ = {
			isa = PBXGroup;
			children = (
				BF47F5B125704C76000FC71A /* Helpers */,
				BF071745256DF6AE00A2472F /* Scenes */,
				BF0716CB256C298E00A2472F /* TheOfficeAppTests.swift */,
				BF0716CD256C298E00A2472F /* Info.plist */,
			);
			path = TheOfficeAppTests;
			sourceTree = "<group>";
		};
		BF0716D5256C298E00A2472F /* TheOfficeAppUITests */ = {
			isa = PBXGroup;
			children = (
				BF0716D6256C298E00A2472F /* TheOfficeAppUITests.swift */,
				BF0716D8256C298E00A2472F /* Info.plist */,
			);
			path = TheOfficeAppUITests;
			sourceTree = "<group>";
		};
		BF0716E7256C2D7F00A2472F /* Assets */ = {
			isa = PBXGroup;
			children = (
				BF0716BF256C298E00A2472F /* LaunchScreen.storyboard */,
				BF0716BD256C298E00A2472F /* Assets.xcassets */,
			);
			path = Assets;
			sourceTree = "<group>";
		};
		BF0716F1256C347800A2472F /* Networking */ = {
			isa = PBXGroup;
			children = (
				BF0716F2256C34C200A2472F /* WebService.swift */,
				BF071708256C3B1D00A2472F /* Endpoints.swift */,
			);
			path = Networking;
			sourceTree = "<group>";
		};
		BF0716F7256C371C00A2472F /* Models */ = {
			isa = PBXGroup;
			children = (
				BF0716F8256C37F700A2472F /* Episode.swift */,
				BF07173A256D7EEE00A2472F /* CrewMember.swift */,
				BF1F2E702592BB4F0045C006 /* Quote.swift */,
				BF1F2E752592BC120045C006 /* Character.swift */,
			);
			path = Models;
			sourceTree = "<group>";
		};
		BF07170D256C7EA500A2472F /* Scenes */ = {
			isa = PBXGroup;
			children = (
				BF1F2E5E25929CDD0045C006 /* RandomQuote */,
				BF1F2E49259163FD0045C006 /* CrewMemberInfo */,
				BF26A5A1257FC42900F23B02 /* EpisodeDetail */,
				BF07170E256C7EAC00A2472F /* EpisodesList */,
			);
			path = Scenes;
			sourceTree = "<group>";
		};
		BF07170E256C7EAC00A2472F /* EpisodesList */ = {
			isa = PBXGroup;
			children = (
				BF071720256C7FD000A2472F /* ViewModel */,
				BF071717256C7EF200A2472F /* View */,
			);
			path = EpisodesList;
			sourceTree = "<group>";
		};
		BF071717256C7EF200A2472F /* View */ = {
			isa = PBXGroup;
			children = (
				BF071734256D763300A2472F /* Cell */,
				BFCF96822585882700116F77 /* EpisodeListViewController.swift */,
				BFCF96832585882700116F77 /* EpisodeListViewController.xib */,
			);
			path = View;
			sourceTree = "<group>";
		};
		BF071720256C7FD000A2472F /* ViewModel */ = {
			isa = PBXGroup;
			children = (
				BF071721256C800800A2472F /* EpisodeListViewModel.swift */,
			);
			path = ViewModel;
			sourceTree = "<group>";
		};
		BF071734256D763300A2472F /* Cell */ = {
			isa = PBXGroup;
			children = (
				BF26A5D5257FDC4800F23B02 /* EpisodeTableViewCell.swift */,
				BF26A5D6257FDC4800F23B02 /* EpisodeTableViewCell.xib */,
			);
			path = Cell;
			sourceTree = "<group>";
		};
		BF07173F256DEE4400A2472F /* Helpers */ = {
			isa = PBXGroup;
			children = (
				BF071740256DEE6100A2472F /* DateFormatterHelper.swift */,
				BF8C16FB266C5FA6008B3188 /* NSObjectHelper.swift */,
				BF8C1700266C67BA008B3188 /* UIViewControllerHelper.swift */,
				BF41237A2675627800AB6AEF /* LoadingView.swift */,
			);
			path = Helpers;
			sourceTree = "<group>";
		};
		BF071745256DF6AE00A2472F /* Scenes */ = {
			isa = PBXGroup;
			children = (
				BF4123892675AEFC00AB6AEF /* RandomQuote */,
				BF4123802675AADB00AB6AEF /* CrewMemberInfo */,
				BF41237F2675AACB00AB6AEF /* EpisodeDetail */,
				BF071746256DF71700A2472F /* EpisodesList */,
			);
			path = Scenes;
			sourceTree = "<group>";
		};
		BF071746256DF71700A2472F /* EpisodesList */ = {
			isa = PBXGroup;
			children = (
				BF071747256DF72000A2472F /* ViewModel */,
			);
			path = EpisodesList;
			sourceTree = "<group>";
		};
		BF071747256DF72000A2472F /* ViewModel */ = {
			isa = PBXGroup;
			children = (
				BF071748256DF82200A2472F /* EpisodeListViewModelTests.swift */,
			);
			path = ViewModel;
			sourceTree = "<group>";
		};
		BF1F2E49259163FD0045C006 /* CrewMemberInfo */ = {
			isa = PBXGroup;
			children = (
				BF8C16E5266C41F9008B3188 /* ViewModel */,
				BF8C16E1266C41F1008B3188 /* View */,
			);
			path = CrewMemberInfo;
			sourceTree = "<group>";
		};
		BF1F2E5E25929CDD0045C006 /* RandomQuote */ = {
			isa = PBXGroup;
			children = (
				BF8C16E0266C4193008B3188 /* ViewModel */,
				BF8C16DC266C4189008B3188 /* View */,
			);
			path = RandomQuote;
			sourceTree = "<group>";
		};
		BF26A590257FC03A00F23B02 /* Router */ = {
			isa = PBXGroup;
			children = (
				BF26A591257FC06400F23B02 /* Showable.swift */,
				BF26A592257FC06400F23B02 /* Router.swift */,
				BF26A5AC257FC50C00F23B02 /* OfficeRouter.swift */,
			);
			path = Router;
			sourceTree = "<group>";
		};
		BF26A59B257FC07C00F23B02 /* Coordinators */ = {
			isa = PBXGroup;
			children = (
				BF26A59C257FC08800F23B02 /* Coordinator.swift */,
				BFCF965425856CAD00116F77 /* ApplicationCoordinator.swift */,
				BF26A5BB257FC86B00F23B02 /* EpisodeListCoordinator.swift */,
				BFCF96892586CCAF00116F77 /* EpisodeDetailCoordinator.swift */,
				BF1F2E51259166090045C006 /* CrewMemberInfoCoordinator.swift */,
				BF1F2E6625929E470045C006 /* RandomQuoteCoordinator.swift */,
				BF693C472724B25E00D033D0 /* MainCoordinator.swift */,
			);
			path = Coordinators;
			sourceTree = "<group>";
		};
		BF26A5A1257FC42900F23B02 /* EpisodeDetail */ = {
			isa = PBXGroup;
			children = (
				BF8C16EA266C4265008B3188 /* ViewModel */,
				BF8C16E6266C425F008B3188 /* View */,
			);
			path = EpisodeDetail;
			sourceTree = "<group>";
		};
		BF41237F2675AACB00AB6AEF /* EpisodeDetail */ = {
			isa = PBXGroup;
			children = (
				BF41238A2675AF0F00AB6AEF /* ViewModel */,
			);
			path = EpisodeDetail;
			sourceTree = "<group>";
		};
		BF4123802675AADB00AB6AEF /* CrewMemberInfo */ = {
			isa = PBXGroup;
			children = (
				BF4123912675AF1700AB6AEF /* ViewModel */,
			);
			path = CrewMemberInfo;
			sourceTree = "<group>";
		};
		BF4123892675AEFC00AB6AEF /* RandomQuote */ = {
			isa = PBXGroup;
			children = (
				BF4123982675AF1E00AB6AEF /* ViewModel */,
			);
			path = RandomQuote;
			sourceTree = "<group>";
		};
		BF41238A2675AF0F00AB6AEF /* ViewModel */ = {
			isa = PBXGroup;
			children = (
				BF071750256E028B00A2472F /* EpisodeViewModelTests.swift */,
			);
			path = ViewModel;
			sourceTree = "<group>";
		};
		BF4123912675AF1700AB6AEF /* ViewModel */ = {
			isa = PBXGroup;
			children = (
				BF4123812675AB2300AB6AEF /* CrewMemberInfoViewModelTests.swift */,
			);
			path = ViewModel;
			sourceTree = "<group>";
		};
		BF4123982675AF1E00AB6AEF /* ViewModel */ = {
			isa = PBXGroup;
			children = (
				BF4123992675AF3000AB6AEF /* RandomQuoteViewModelTests.swift */,
			);
			path = ViewModel;
			sourceTree = "<group>";
		};
		BF47F5B125704C76000FC71A /* Helpers */ = {
			isa = PBXGroup;
			children = (
				BF47F5B225704C87000FC71A /* DateFormatterHelperTests.swift */,
			);
			path = Helpers;
			sourceTree = "<group>";
		};
		BF8C16DC266C4189008B3188 /* View */ = {
			isa = PBXGroup;
			children = (
				BF1F2E5F25929D640045C006 /* RandomQuoteViewController.swift */,
				BF1F2E6025929D640045C006 /* RandomQuoteViewController.xib */,
			);
			path = View;
			sourceTree = "<group>";
		};
		BF8C16E0266C4193008B3188 /* ViewModel */ = {
			isa = PBXGroup;
			children = (
				BF1F2E6B2592BAC00045C006 /* RandomQuoteViewModel.swift */,
			);
			path = ViewModel;
			sourceTree = "<group>";
		};
		BF8C16E1266C41F1008B3188 /* View */ = {
			isa = PBXGroup;
			children = (
				BF1F2E4A259164420045C006 /* CrewMemberInfoViewController.swift */,
				BF1F2E4B259164420045C006 /* CrewMemberInfoViewController.xib */,
			);
			path = View;
			sourceTree = "<group>";
		};
		BF8C16E5266C41F9008B3188 /* ViewModel */ = {
			isa = PBXGroup;
			children = (
				BF1F2E562591862E0045C006 /* CrewMemberInfoViewModel.swift */,
			);
			path = ViewModel;
			sourceTree = "<group>";
		};
		BF8C16E6266C425F008B3188 /* View */ = {
			isa = PBXGroup;
			children = (
				BF26A5A2257FC45D00F23B02 /* EpisodeDetailViewController.swift */,
				BF26A5A3257FC45D00F23B02 /* EpisodeDetailViewController.xib */,
			);
			path = View;
			sourceTree = "<group>";
		};
		BF8C16EA266C4265008B3188 /* ViewModel */ = {
			isa = PBXGroup;
			children = (
				BF07172F256C934C00A2472F /* EpisodeViewModel.swift */,
			);
			path = ViewModel;
			sourceTree = "<group>";
		};
/* End PBXGroup section */

/* Begin PBXNativeTarget section */
		BF0716B0256C298D00A2472F /* TheOfficeApp */ = {
			isa = PBXNativeTarget;
			buildConfigurationList = BF0716DB256C298E00A2472F /* Build configuration list for PBXNativeTarget "TheOfficeApp" */;
			buildPhases = (
				BF0716AD256C298D00A2472F /* Sources */,
				BF0716AE256C298D00A2472F /* Frameworks */,
				BF0716AF256C298D00A2472F /* Resources */,
			);
			buildRules = (
			);
			dependencies = (
			);
			name = TheOfficeApp;
			productName = TheOfficeApp;
			productReference = BF0716B1256C298D00A2472F /* TheOfficeApp.app */;
			productType = "com.apple.product-type.application";
		};
		BF0716C6256C298E00A2472F /* TheOfficeAppTests */ = {
			isa = PBXNativeTarget;
			buildConfigurationList = BF0716DE256C298E00A2472F /* Build configuration list for PBXNativeTarget "TheOfficeAppTests" */;
			buildPhases = (
				BF0716C3256C298E00A2472F /* Sources */,
				BF0716C4256C298E00A2472F /* Frameworks */,
				BF0716C5256C298E00A2472F /* Resources */,
			);
			buildRules = (
			);
			dependencies = (
				BF0716C9256C298E00A2472F /* PBXTargetDependency */,
			);
			name = TheOfficeAppTests;
			productName = TheOfficeAppTests;
			productReference = BF0716C7256C298E00A2472F /* TheOfficeAppTests.xctest */;
			productType = "com.apple.product-type.bundle.unit-test";
		};
		BF0716D1256C298E00A2472F /* TheOfficeAppUITests */ = {
			isa = PBXNativeTarget;
			buildConfigurationList = BF0716E1256C298E00A2472F /* Build configuration list for PBXNativeTarget "TheOfficeAppUITests" */;
			buildPhases = (
				BF0716CE256C298E00A2472F /* Sources */,
				BF0716CF256C298E00A2472F /* Frameworks */,
				BF0716D0256C298E00A2472F /* Resources */,
			);
			buildRules = (
			);
			dependencies = (
				BF0716D4256C298E00A2472F /* PBXTargetDependency */,
			);
			name = TheOfficeAppUITests;
			productName = TheOfficeAppUITests;
			productReference = BF0716D2256C298E00A2472F /* TheOfficeAppUITests.xctest */;
			productType = "com.apple.product-type.bundle.ui-testing";
		};
/* End PBXNativeTarget section */

/* Begin PBXProject section */
		BF0716A9256C298D00A2472F /* Project object */ = {
			isa = PBXProject;
			attributes = {
				LastSwiftUpdateCheck = 1220;
				LastUpgradeCheck = 1220;
				TargetAttributes = {
					BF0716B0256C298D00A2472F = {
						CreatedOnToolsVersion = 12.2;
					};
					BF0716C6256C298E00A2472F = {
						CreatedOnToolsVersion = 12.2;
						TestTargetID = BF0716B0256C298D00A2472F;
					};
					BF0716D1256C298E00A2472F = {
						CreatedOnToolsVersion = 12.2;
						TestTargetID = BF0716B0256C298D00A2472F;
					};
				};
			};
			buildConfigurationList = BF0716AC256C298D00A2472F /* Build configuration list for PBXProject "TheOfficeApp" */;
			compatibilityVersion = "Xcode 9.3";
			developmentRegion = en;
			hasScannedForEncodings = 0;
			knownRegions = (
				en,
				Base,
			);
			mainGroup = BF0716A8256C298D00A2472F;
			productRefGroup = BF0716B2256C298D00A2472F /* Products */;
			projectDirPath = "";
			projectRoot = "";
			targets = (
				BF0716B0256C298D00A2472F /* TheOfficeApp */,
				BF0716C6256C298E00A2472F /* TheOfficeAppTests */,
				BF0716D1256C298E00A2472F /* TheOfficeAppUITests */,
			);
		};
/* End PBXProject section */

/* Begin PBXResourcesBuildPhase section */
		BF0716AF256C298D00A2472F /* Resources */ = {
			isa = PBXResourcesBuildPhase;
			buildActionMask = 2147483647;
			files = (
				BF1F2E6225929D640045C006 /* RandomQuoteViewController.xib in Resources */,
				BF0716C1256C298E00A2472F /* LaunchScreen.storyboard in Resources */,
				BF26A5D8257FDC4800F23B02 /* EpisodeTableViewCell.xib in Resources */,
				BF1F2E4D259164420045C006 /* CrewMemberInfoViewController.xib in Resources */,
				BFCF96852585882700116F77 /* EpisodeListViewController.xib in Resources */,
				BF0716BE256C298E00A2472F /* Assets.xcassets in Resources */,
				BF26A5A5257FC45D00F23B02 /* EpisodeDetailViewController.xib in Resources */,
			);
			runOnlyForDeploymentPostprocessing = 0;
		};
		BF0716C5256C298E00A2472F /* Resources */ = {
			isa = PBXResourcesBuildPhase;
			buildActionMask = 2147483647;
			files = (
			);
			runOnlyForDeploymentPostprocessing = 0;
		};
		BF0716D0256C298E00A2472F /* Resources */ = {
			isa = PBXResourcesBuildPhase;
			buildActionMask = 2147483647;
			files = (
			);
			runOnlyForDeploymentPostprocessing = 0;
		};
/* End PBXResourcesBuildPhase section */

/* Begin PBXSourcesBuildPhase section */
		BF0716AD256C298D00A2472F /* Sources */ = {
			isa = PBXSourcesBuildPhase;
			buildActionMask = 2147483647;
			files = (
				BF1F2E762592BC120045C006 /* Character.swift in Sources */,
				BF0716B5256C298D00A2472F /* AppDelegate.swift in Sources */,
				BF0716F3256C34C200A2472F /* WebService.swift in Sources */,
				BF8C16FC266C5FA6008B3188 /* NSObjectHelper.swift in Sources */,
				BF07173B256D7EEE00A2472F /* CrewMember.swift in Sources */,
				BF1F2E52259166090045C006 /* CrewMemberInfoCoordinator.swift in Sources */,
				BF0716F9256C37F700A2472F /* Episode.swift in Sources */,
				BFCF968A2586CCAF00116F77 /* EpisodeDetailCoordinator.swift in Sources */,
				BF1F2E6C2592BAC00045C006 /* RandomQuoteViewModel.swift in Sources */,
				BF1F2E4C259164420045C006 /* CrewMemberInfoViewController.swift in Sources */,
				BFCF965525856CAD00116F77 /* ApplicationCoordinator.swift in Sources */,
				BF26A59D257FC08800F23B02 /* Coordinator.swift in Sources */,
				BFCF96842585882700116F77 /* EpisodeListViewController.swift in Sources */,
				BF1F2E6725929E480045C006 /* RandomQuoteCoordinator.swift in Sources */,
				BF071709256C3B1D00A2472F /* Endpoints.swift in Sources */,
				BF1F2E572591862E0045C006 /* CrewMemberInfoViewModel.swift in Sources */,
				BF071741256DEE6100A2472F /* DateFormatterHelper.swift in Sources */,
				BF071722256C800800A2472F /* EpisodeListViewModel.swift in Sources */,
				BF26A5AD257FC50C00F23B02 /* OfficeRouter.swift in Sources */,
				BF1F2E6125929D640045C006 /* RandomQuoteViewController.swift in Sources */,
				BF693C482724B25E00D033D0 /* MainCoordinator.swift in Sources */,
				BF8C1701266C67BA008B3188 /* UIViewControllerHelper.swift in Sources */,
				BF1F2E712592BB4F0045C006 /* Quote.swift in Sources */,
				BF26A5D7257FDC4800F23B02 /* EpisodeTableViewCell.swift in Sources */,
				BF41237B2675627800AB6AEF /* LoadingView.swift in Sources */,
				BF26A5A4257FC45D00F23B02 /* EpisodeDetailViewController.swift in Sources */,
				BF071730256C934C00A2472F /* EpisodeViewModel.swift in Sources */,
				BF26A5BC257FC86B00F23B02 /* EpisodeListCoordinator.swift in Sources */,
				BF26A593257FC06400F23B02 /* Showable.swift in Sources */,
				BF0716B7256C298D00A2472F /* SceneDelegate.swift in Sources */,
				BF26A594257FC06400F23B02 /* Router.swift in Sources */,
			);
			runOnlyForDeploymentPostprocessing = 0;
		};
		BF0716C3256C298E00A2472F /* Sources */ = {
			isa = PBXSourcesBuildPhase;
			buildActionMask = 2147483647;
			files = (
				BF41239A2675AF3000AB6AEF /* RandomQuoteViewModelTests.swift in Sources */,
				BF071749256DF82200A2472F /* EpisodeListViewModelTests.swift in Sources */,
				BF4123822675AB2300AB6AEF /* CrewMemberInfoViewModelTests.swift in Sources */,
				BF071751256E028B00A2472F /* EpisodeViewModelTests.swift in Sources */,
				BF47F5B325704C87000FC71A /* DateFormatterHelperTests.swift in Sources */,
				BF0716CC256C298E00A2472F /* TheOfficeAppTests.swift in Sources */,
			);
			runOnlyForDeploymentPostprocessing = 0;
		};
		BF0716CE256C298E00A2472F /* Sources */ = {
			isa = PBXSourcesBuildPhase;
			buildActionMask = 2147483647;
			files = (
				BF0716D7256C298E00A2472F /* TheOfficeAppUITests.swift in Sources */,
			);
			runOnlyForDeploymentPostprocessing = 0;
		};
/* End PBXSourcesBuildPhase section */

/* Begin PBXTargetDependency section */
		BF0716C9256C298E00A2472F /* PBXTargetDependency */ = {
			isa = PBXTargetDependency;
			target = BF0716B0256C298D00A2472F /* TheOfficeApp */;
			targetProxy = BF0716C8256C298E00A2472F /* PBXContainerItemProxy */;
		};
		BF0716D4256C298E00A2472F /* PBXTargetDependency */ = {
			isa = PBXTargetDependency;
			target = BF0716B0256C298D00A2472F /* TheOfficeApp */;
			targetProxy = BF0716D3256C298E00A2472F /* PBXContainerItemProxy */;
		};
/* End PBXTargetDependency section */

/* Begin PBXVariantGroup section */
		BF0716BF256C298E00A2472F /* LaunchScreen.storyboard */ = {
			isa = PBXVariantGroup;
			children = (
				BF0716C0256C298E00A2472F /* Base */,
			);
			name = LaunchScreen.storyboard;
			sourceTree = "<group>";
		};
/* End PBXVariantGroup section */

/* Begin XCBuildConfiguration section */
		BF0716D9256C298E00A2472F /* Debug */ = {
			isa = XCBuildConfiguration;
			buildSettings = {
				ALWAYS_SEARCH_USER_PATHS = NO;
				CLANG_ANALYZER_NONNULL = YES;
				CLANG_ANALYZER_NUMBER_OBJECT_CONVERSION = YES_AGGRESSIVE;
				CLANG_CXX_LANGUAGE_STANDARD = "gnu++14";
				CLANG_CXX_LIBRARY = "libc++";
				CLANG_ENABLE_MODULES = YES;
				CLANG_ENABLE_OBJC_ARC = YES;
				CLANG_ENABLE_OBJC_WEAK = YES;
				CLANG_WARN_BLOCK_CAPTURE_AUTORELEASING = YES;
				CLANG_WARN_BOOL_CONVERSION = YES;
				CLANG_WARN_COMMA = YES;
				CLANG_WARN_CONSTANT_CONVERSION = YES;
				CLANG_WARN_DEPRECATED_OBJC_IMPLEMENTATIONS = YES;
				CLANG_WARN_DIRECT_OBJC_ISA_USAGE = YES_ERROR;
				CLANG_WARN_DOCUMENTATION_COMMENTS = YES;
				CLANG_WARN_EMPTY_BODY = YES;
				CLANG_WARN_ENUM_CONVERSION = YES;
				CLANG_WARN_INFINITE_RECURSION = YES;
				CLANG_WARN_INT_CONVERSION = YES;
				CLANG_WARN_NON_LITERAL_NULL_CONVERSION = YES;
				CLANG_WARN_OBJC_IMPLICIT_RETAIN_SELF = YES;
				CLANG_WARN_OBJC_LITERAL_CONVERSION = YES;
				CLANG_WARN_OBJC_ROOT_CLASS = YES_ERROR;
				CLANG_WARN_QUOTED_INCLUDE_IN_FRAMEWORK_HEADER = YES;
				CLANG_WARN_RANGE_LOOP_ANALYSIS = YES;
				CLANG_WARN_STRICT_PROTOTYPES = YES;
				CLANG_WARN_SUSPICIOUS_MOVE = YES;
				CLANG_WARN_UNGUARDED_AVAILABILITY = YES_AGGRESSIVE;
				CLANG_WARN_UNREACHABLE_CODE = YES;
				CLANG_WARN__DUPLICATE_METHOD_MATCH = YES;
				COPY_PHASE_STRIP = NO;
				DEBUG_INFORMATION_FORMAT = dwarf;
				ENABLE_STRICT_OBJC_MSGSEND = YES;
				ENABLE_TESTABILITY = YES;
				GCC_C_LANGUAGE_STANDARD = gnu11;
				GCC_DYNAMIC_NO_PIC = NO;
				GCC_NO_COMMON_BLOCKS = YES;
				GCC_OPTIMIZATION_LEVEL = 0;
				GCC_PREPROCESSOR_DEFINITIONS = (
					"DEBUG=1",
					"$(inherited)",
				);
				GCC_WARN_64_TO_32_BIT_CONVERSION = YES;
				GCC_WARN_ABOUT_RETURN_TYPE = YES_ERROR;
				GCC_WARN_UNDECLARED_SELECTOR = YES;
				GCC_WARN_UNINITIALIZED_AUTOS = YES_AGGRESSIVE;
				GCC_WARN_UNUSED_FUNCTION = YES;
				GCC_WARN_UNUSED_VARIABLE = YES;
				IPHONEOS_DEPLOYMENT_TARGET = 14.2;
				MTL_ENABLE_DEBUG_INFO = INCLUDE_SOURCE;
				MTL_FAST_MATH = YES;
				ONLY_ACTIVE_ARCH = YES;
				SDKROOT = iphoneos;
				SWIFT_ACTIVE_COMPILATION_CONDITIONS = DEBUG;
				SWIFT_OPTIMIZATION_LEVEL = "-Onone";
			};
			name = Debug;
		};
		BF0716DA256C298E00A2472F /* Release */ = {
			isa = XCBuildConfiguration;
			buildSettings = {
				ALWAYS_SEARCH_USER_PATHS = NO;
				CLANG_ANALYZER_NONNULL = YES;
				CLANG_ANALYZER_NUMBER_OBJECT_CONVERSION = YES_AGGRESSIVE;
				CLANG_CXX_LANGUAGE_STANDARD = "gnu++14";
				CLANG_CXX_LIBRARY = "libc++";
				CLANG_ENABLE_MODULES = YES;
				CLANG_ENABLE_OBJC_ARC = YES;
				CLANG_ENABLE_OBJC_WEAK = YES;
				CLANG_WARN_BLOCK_CAPTURE_AUTORELEASING = YES;
				CLANG_WARN_BOOL_CONVERSION = YES;
				CLANG_WARN_COMMA = YES;
				CLANG_WARN_CONSTANT_CONVERSION = YES;
				CLANG_WARN_DEPRECATED_OBJC_IMPLEMENTATIONS = YES;
				CLANG_WARN_DIRECT_OBJC_ISA_USAGE = YES_ERROR;
				CLANG_WARN_DOCUMENTATION_COMMENTS = YES;
				CLANG_WARN_EMPTY_BODY = YES;
				CLANG_WARN_ENUM_CONVERSION = YES;
				CLANG_WARN_INFINITE_RECURSION = YES;
				CLANG_WARN_INT_CONVERSION = YES;
				CLANG_WARN_NON_LITERAL_NULL_CONVERSION = YES;
				CLANG_WARN_OBJC_IMPLICIT_RETAIN_SELF = YES;
				CLANG_WARN_OBJC_LITERAL_CONVERSION = YES;
				CLANG_WARN_OBJC_ROOT_CLASS = YES_ERROR;
				CLANG_WARN_QUOTED_INCLUDE_IN_FRAMEWORK_HEADER = YES;
				CLANG_WARN_RANGE_LOOP_ANALYSIS = YES;
				CLANG_WARN_STRICT_PROTOTYPES = YES;
				CLANG_WARN_SUSPICIOUS_MOVE = YES;
				CLANG_WARN_UNGUARDED_AVAILABILITY = YES_AGGRESSIVE;
				CLANG_WARN_UNREACHABLE_CODE = YES;
				CLANG_WARN__DUPLICATE_METHOD_MATCH = YES;
				COPY_PHASE_STRIP = NO;
				DEBUG_INFORMATION_FORMAT = "dwarf-with-dsym";
				ENABLE_NS_ASSERTIONS = NO;
				ENABLE_STRICT_OBJC_MSGSEND = YES;
				GCC_C_LANGUAGE_STANDARD = gnu11;
				GCC_NO_COMMON_BLOCKS = YES;
				GCC_WARN_64_TO_32_BIT_CONVERSION = YES;
				GCC_WARN_ABOUT_RETURN_TYPE = YES_ERROR;
				GCC_WARN_UNDECLARED_SELECTOR = YES;
				GCC_WARN_UNINITIALIZED_AUTOS = YES_AGGRESSIVE;
				GCC_WARN_UNUSED_FUNCTION = YES;
				GCC_WARN_UNUSED_VARIABLE = YES;
				IPHONEOS_DEPLOYMENT_TARGET = 14.2;
				MTL_ENABLE_DEBUG_INFO = NO;
				MTL_FAST_MATH = YES;
				SDKROOT = iphoneos;
				SWIFT_COMPILATION_MODE = wholemodule;
				SWIFT_OPTIMIZATION_LEVEL = "-O";
				VALIDATE_PRODUCT = YES;
			};
			name = Release;
		};
		BF0716DC256C298E00A2472F /* Debug */ = {
			isa = XCBuildConfiguration;
			buildSettings = {
				ASSETCATALOG_COMPILER_APPICON_NAME = AppIcon;
				ASSETCATALOG_COMPILER_GLOBAL_ACCENT_COLOR_NAME = AccentColor;
				CODE_SIGN_STYLE = Automatic;
				DEVELOPMENT_TEAM = 9RN254RQSB;
				INFOPLIST_FILE = TheOfficeApp/Info.plist;
				LD_RUNPATH_SEARCH_PATHS = (
					"$(inherited)",
					"@executable_path/Frameworks",
				);
				PRODUCT_BUNDLE_IDENTIFIER = danielteodoro.TheOfficeApp;
				PRODUCT_NAME = "$(TARGET_NAME)";
				SWIFT_VERSION = 5.0;
				TARGETED_DEVICE_FAMILY = "1,2";
			};
			name = Debug;
		};
		BF0716DD256C298E00A2472F /* Release */ = {
			isa = XCBuildConfiguration;
			buildSettings = {
				ASSETCATALOG_COMPILER_APPICON_NAME = AppIcon;
				ASSETCATALOG_COMPILER_GLOBAL_ACCENT_COLOR_NAME = AccentColor;
				CODE_SIGN_STYLE = Automatic;
				DEVELOPMENT_TEAM = 9RN254RQSB;
				INFOPLIST_FILE = TheOfficeApp/Info.plist;
				LD_RUNPATH_SEARCH_PATHS = (
					"$(inherited)",
					"@executable_path/Frameworks",
				);
				PRODUCT_BUNDLE_IDENTIFIER = danielteodoro.TheOfficeApp;
				PRODUCT_NAME = "$(TARGET_NAME)";
				SWIFT_VERSION = 5.0;
				TARGETED_DEVICE_FAMILY = "1,2";
			};
			name = Release;
		};
		BF0716DF256C298E00A2472F /* Debug */ = {
			isa = XCBuildConfiguration;
			buildSettings = {
				ALWAYS_EMBED_SWIFT_STANDARD_LIBRARIES = YES;
				BUNDLE_LOADER = "$(TEST_HOST)";
				CODE_SIGN_STYLE = Automatic;
				DEVELOPMENT_TEAM = 9RN254RQSB;
				INFOPLIST_FILE = TheOfficeAppTests/Info.plist;
				IPHONEOS_DEPLOYMENT_TARGET = 14.2;
				LD_RUNPATH_SEARCH_PATHS = (
					"$(inherited)",
					"@executable_path/Frameworks",
					"@loader_path/Frameworks",
				);
				PRODUCT_BUNDLE_IDENTIFIER = danielteodoro.TheOfficeAppTests;
				PRODUCT_NAME = "$(TARGET_NAME)";
				SWIFT_VERSION = 5.0;
				TARGETED_DEVICE_FAMILY = "1,2";
				TEST_HOST = "$(BUILT_PRODUCTS_DIR)/TheOfficeApp.app/TheOfficeApp";
			};
			name = Debug;
		};
		BF0716E0256C298E00A2472F /* Release */ = {
			isa = XCBuildConfiguration;
			buildSettings = {
				ALWAYS_EMBED_SWIFT_STANDARD_LIBRARIES = YES;
				BUNDLE_LOADER = "$(TEST_HOST)";
				CODE_SIGN_STYLE = Automatic;
				DEVELOPMENT_TEAM = 9RN254RQSB;
				INFOPLIST_FILE = TheOfficeAppTests/Info.plist;
				IPHONEOS_DEPLOYMENT_TARGET = 14.2;
				LD_RUNPATH_SEARCH_PATHS = (
					"$(inherited)",
					"@executable_path/Frameworks",
					"@loader_path/Frameworks",
				);
				PRODUCT_BUNDLE_IDENTIFIER = danielteodoro.TheOfficeAppTests;
				PRODUCT_NAME = "$(TARGET_NAME)";
				SWIFT_VERSION = 5.0;
				TARGETED_DEVICE_FAMILY = "1,2";
				TEST_HOST = "$(BUILT_PRODUCTS_DIR)/TheOfficeApp.app/TheOfficeApp";
			};
			name = Release;
		};
		BF0716E2256C298E00A2472F /* Debug */ = {
			isa = XCBuildConfiguration;
			buildSettings = {
				ALWAYS_EMBED_SWIFT_STANDARD_LIBRARIES = YES;
				CODE_SIGN_STYLE = Automatic;
				DEVELOPMENT_TEAM = 9RN254RQSB;
				INFOPLIST_FILE = TheOfficeAppUITests/Info.plist;
				LD_RUNPATH_SEARCH_PATHS = (
					"$(inherited)",
					"@executable_path/Frameworks",
					"@loader_path/Frameworks",
				);
				PRODUCT_BUNDLE_IDENTIFIER = danielteodoro.TheOfficeAppUITests;
				PRODUCT_NAME = "$(TARGET_NAME)";
				SWIFT_VERSION = 5.0;
				TARGETED_DEVICE_FAMILY = "1,2";
				TEST_TARGET_NAME = TheOfficeApp;
			};
			name = Debug;
		};
		BF0716E3256C298E00A2472F /* Release */ = {
			isa = XCBuildConfiguration;
			buildSettings = {
				ALWAYS_EMBED_SWIFT_STANDARD_LIBRARIES = YES;
				CODE_SIGN_STYLE = Automatic;
				DEVELOPMENT_TEAM = 9RN254RQSB;
				INFOPLIST_FILE = TheOfficeAppUITests/Info.plist;
				LD_RUNPATH_SEARCH_PATHS = (
					"$(inherited)",
					"@executable_path/Frameworks",
					"@loader_path/Frameworks",
				);
				PRODUCT_BUNDLE_IDENTIFIER = danielteodoro.TheOfficeAppUITests;
				PRODUCT_NAME = "$(TARGET_NAME)";
				SWIFT_VERSION = 5.0;
				TARGETED_DEVICE_FAMILY = "1,2";
				TEST_TARGET_NAME = TheOfficeApp;
			};
			name = Release;
		};
/* End XCBuildConfiguration section */

/* Begin XCConfigurationList section */
		BF0716AC256C298D00A2472F /* Build configuration list for PBXProject "TheOfficeApp" */ = {
			isa = XCConfigurationList;
			buildConfigurations = (
				BF0716D9256C298E00A2472F /* Debug */,
				BF0716DA256C298E00A2472F /* Release */,
			);
			defaultConfigurationIsVisible = 0;
			defaultConfigurationName = Release;
		};
		BF0716DB256C298E00A2472F /* Build configuration list for PBXNativeTarget "TheOfficeApp" */ = {
			isa = XCConfigurationList;
			buildConfigurations = (
				BF0716DC256C298E00A2472F /* Debug */,
				BF0716DD256C298E00A2472F /* Release */,
			);
			defaultConfigurationIsVisible = 0;
			defaultConfigurationName = Release;
		};
		BF0716DE256C298E00A2472F /* Build configuration list for PBXNativeTarget "TheOfficeAppTests" */ = {
			isa = XCConfigurationList;
			buildConfigurations = (
				BF0716DF256C298E00A2472F /* Debug */,
				BF0716E0256C298E00A2472F /* Release */,
			);
			defaultConfigurationIsVisible = 0;
			defaultConfigurationName = Release;
		};
		BF0716E1256C298E00A2472F /* Build configuration list for PBXNativeTarget "TheOfficeAppUITests" */ = {
			isa = XCConfigurationList;
			buildConfigurations = (
				BF0716E2256C298E00A2472F /* Debug */,
				BF0716E3256C298E00A2472F /* Release */,
			);
			defaultConfigurationIsVisible = 0;
			defaultConfigurationName = Release;
		};
/* End XCConfigurationList section */
	};
	rootObject = BF0716A9256C298D00A2472F /* Project object */;
}
